Microsoft Visual Studio Solution File, Format Version 12.00
# Visual Studio Version 17
VisualStudioVersion = 17.5.2.0
MinimumVisualStudioVersion = 10.0.40219.1
Project("{FAE04EC0-301F-11D3-BF4B-00C04F79EFBC}") = "NomeDoProjeto", "NomeDoProjeto.csproj", "{D2411BFE-43D1-436A-1985-4E1C671A0256}"
EndProject
Global
	GlobalSection(SolutionConfigurationPlatforms) = preSolution
		Debug|Any CPU = Debug|Any CPU
		Release|Any CPU = Release|Any CPU
	EndGlobalSection
	GlobalSection(ProjectConfigurationPlatforms) = postSolution
		{D2411BFE-43D1-436A-1985-4E1C671A0256}.Debug|Any CPU.ActiveCfg = Debug|Any CPU
		{D2411BFE-43D1-436A-1985-4E1C671A0256}.Debug|Any CPU.Build.0 = Debug|Any CPU
		{D2411BFE-43D1-436A-1985-4E1C671A0256}.Release|Any CPU.ActiveCfg = Release|Any CPU
		{D2411BFE-43D1-436A-1985-4E1C671A0256}.Release|Any CPU.Build.0 = Release|Any CPU
	EndGlobalSection
	GlobalSection(SolutionProperties) = preSolution
		HideSolutionNode = FALSE
	EndGlobalSection
	GlobalSection(ExtensibilityGlobals) = postSolution
		SolutionGuid = {F9D9345D-29BF-4CEA-92D7-2F43AEDCA379}
	EndGlobalSection
EndGlobal
